
Microsoft Visual Studio Solution File, Format Version 12.00
# Visual Studio 2012
Project("{FAE04EC0-301F-11D3-BF4B-00C04F79EFBC}") = "PanelDesigner", "PanelDesigner\PanelDesigner.csproj", "{B6982AC8-65A1-4C2F-B0AD-921B04591D92}"
EndProject
Project("{FAE04EC0-301F-11D3-BF4B-00C04F79EFBC}") = "PanelDesignerApp", "PanelDesignerApp\PanelDesignerApp.csproj", "{0DD41F0D-F76E-4497-A8D6-7386A43D1988}"
EndProject
Global
	GlobalSection(SolutionConfigurationPlatforms) = preSolution
		Debug|Any CPU = Debug|Any CPU
		Release|Any CPU = Release|Any CPU
	EndGlobalSection
	GlobalSection(ProjectConfigurationPlatforms) = postSolution
		{B6982AC8-65A1-4C2F-B0AD-921B04591D92}.Debug|Any CPU.ActiveCfg = Debug|Any CPU
		{B6982AC8-65A1-4C2F-B0AD-921B04591D92}.Debug|Any CPU.Build.0 = Debug|Any CPU
		{B6982AC8-65A1-4C2F-B0AD-921B04591D92}.Release|Any CPU.ActiveCfg = Release|Any CPU
		{B6982AC8-65A1-4C2F-B0AD-921B04591D92}.Release|Any CPU.Build.0 = Release|Any CPU
		{0DD41F0D-F76E-4497-A8D6-7386A43D1988}.Debug|Any CPU.ActiveCfg = Debug|Any CPU
		{0DD41F0D-F76E-4497-A8D6-7386A43D1988}.Debug|Any CPU.Build.0 = Debug|Any CPU
		{0DD41F0D-F76E-4497-A8D6-7386A43D1988}.Release|Any CPU.ActiveCfg = Release|Any CPU
		{0DD41F0D-F76E-4497-A8D6-7386A43D1988}.Release|Any CPU.Build.0 = Release|Any CPU
	EndGlobalSection
	GlobalSection(SolutionProperties) = preSolution
		HideSolutionNode = FALSE
	EndGlobalSection
EndGlobal
